Microsoft Visual Studio Solution File, Format Version 12.00
# Visual Studio Version 17
VisualStudioVersion = 17.5.2.0
MinimumVisualStudioVersion = 10.0.40219.1
Project("{FAE04EC0-301F-11D3-BF4B-00C04F79EFBC}") = "server", "server\server.csproj", "{3461765F-60A1-21BC-764E-FC799869FE2F}"
EndProject
Project("{FAE04EC0-301F-11D3-BF4B-00C04F79EFBC}") = "server.UnitTests", "server.UnitTests\server.UnitTests.csproj", "{956D7925-2476-4EA7-A593-ED0F92B1442D}"
EndProject
Global
	GlobalSection(SolutionConfigurationPlatforms) = preSolution
		Debug|Any CPU = Debug|Any CPU
		Release|Any CPU = Release|Any CPU
	EndGlobalSection
	GlobalSection(ProjectConfigurationPlatforms) = postSolution
		{3461765F-60A1-21BC-764E-FC799869FE2F}.Debug|Any CPU.ActiveCfg = Debug|Any CPU
		{3461765F-60A1-21BC-764E-FC799869FE2F}.Debug|Any CPU.Build.0 = Debug|Any CPU
		{3461765F-60A1-21BC-764E-FC799869FE2F}.Release|Any CPU.ActiveCfg = Release|Any CPU
		{3461765F-60A1-21BC-764E-FC799869FE2F}.Release|Any CPU.Build.0 = Release|Any CPU
		{956D7925-2476-4EA7-A593-ED0F92B1442D}.Debug|Any CPU.ActiveCfg = Debug|Any CPU
		{956D7925-2476-4EA7-A593-ED0F92B1442D}.Debug|Any CPU.Build.0 = Debug|Any CPU
		{956D7925-2476-4EA7-A593-ED0F92B1442D}.Release|Any CPU.ActiveCfg = Release|Any CPU
		{956D7925-2476-4EA7-A593-ED0F92B1442D}.Release|Any CPU.Build.0 = Release|Any CPU
	EndGlobalSection
	GlobalSection(SolutionProperties) = preSolution
		HideSolutionNode = FALSE
	EndGlobalSection
	GlobalSection(ExtensibilityGlobals) = postSolution
		SolutionGuid = {6B383A68-BE6E-413C-B5F3-9654C3C034D2}
	EndGlobalSection
EndGlobal
